PODS:
  - buzz_booster (4.22.0):
    - BuzzBoosterSDK (= 4.22.0)
    - Flutter
  - BuzzBoosterSDK (4.22.0):
    - BuzzRxSwift (= 7.0.0)
  - BuzzRxSwift (7.0.0)
  - Firebase/CoreOnly (9.2.0):
    - FirebaseCore (= 9.2.0)
  - Firebase/Messaging (9.2.0):
    - Firebase/CoreOnly
    - FirebaseMessaging (~> 9.2.0)
  - firebase_core (1.19.1):
    - Firebase/CoreOnly (= 9.2.0)
    - Flutter
  - firebase_messaging (11.4.4):
    - Firebase/Messaging (= 9.2.0)
    - firebase_core
    - Flutter
  - FirebaseCore (9.2.0):
    - FirebaseCoreDiagnostics (~> 9.0)
    - FirebaseCoreInternal (~> 9.0)
    - GoogleUtilities/Environment (~> 7.7)
    - GoogleUtilities/Logger (~> 7.7)
  - FirebaseCoreDiagnostics (9.6.0):
    - GoogleDataTransport (< 10.0.0, >= 9.1.4)
    - GoogleUtilities/Environment (~> 7.7)
    - GoogleUtilities/Logger (~> 7.7)
    - nanopb (< 2.30910.0, >= 2.30908.0)
  - FirebaseCoreInternal (9.6.0):
    - "GoogleUtilities/NSData+zlib (~> 7.7)"
  - FirebaseInstallations (9.6.0):
    - FirebaseCore (~> 9.0)
    - GoogleUtilities/Environment (~> 7.7)
    - GoogleUtilities/UserDefaults (~> 7.7)
    - PromisesObjC (~> 2.1)
  - FirebaseMessaging (9.2.0):
    - FirebaseCore (~> 9.0)
    - FirebaseInstallations (~> 9.0)
    - GoogleDataTransport (< 10.0.0, >= 9.1.4)
    - GoogleUtilities/AppDelegateSwizzler (~> 7.7)
    - GoogleUtilities/Environment (~> 7.7)
    - GoogleUtilities/Reachability (~> 7.7)
    - GoogleUtilities/UserDefaults (~> 7.7)
    - nanopb (< 2.30910.0, >= 2.30908.0)
  - FLEX (5.22.10)
  - Flutter (1.0.0)
  - fluttertoast (0.0.2):
    - Flutter
    - Toast
  - GoogleDataTransport (9.4.1):
    - GoogleUtilities/Environment (~> 7.7)
    - nanopb (< 2.30911.0, >= 2.30908.0)
    - PromisesObjC (< 3.0, >= 1.2)
  - GoogleUtilities/AppDelegateSwizzler (7.13.3):
    - GoogleUtilities/Environment
    - GoogleUtilities/Logger
    - GoogleUtilities/Network
    - GoogleUtilities/Privacy
  - GoogleUtilities/Environment (7.13.3):
    - GoogleUtilities/Privacy
    - PromisesObjC (< 3.0, >= 1.2)
  - GoogleUtilities/Logger (7.13.3):
    - GoogleUtilities/Environment
    - GoogleUtilities/Privacy
  - GoogleUtilities/Network (7.13.3):
    - GoogleUtilities/Logger
    - "GoogleUtilities/NSData+zlib"
    - GoogleUtilities/Privacy
    - GoogleUtilities/Reachability
  - "GoogleUtilities/NSData+zlib (7.13.3)":
    - GoogleUtilities/Privacy
  - GoogleUtilities/Privacy (7.13.3)
  - GoogleUtilities/Reachability (7.13.3):
    - GoogleUtilities/Logger
    - GoogleUtilities/Privacy
  - GoogleUtilities/UserDefaults (7.13.3):
    - GoogleUtilities/Logger
    - GoogleUtilities/Privacy
  - nanopb (2.30909.1):
    - nanopb/decode (= 2.30909.1)
    - nanopb/encode (= 2.30909.1)
  - nanopb/decode (2.30909.1)
  - nanopb/encode (2.30909.1)
  - package_info_plus (0.4.5):
    - Flutter
  - permission_handler_apple (9.1.1):
    - Flutter
  - PromisesObjC (2.4.0)
  - Sentry (7.22.0):
    - Sentry/Core (= 7.22.0)
  - Sentry/Core (7.22.0)
  - sentry_flutter (0.0.1):
    - Flutter
    - FlutterMacOS
    - Sentry (~> 7.22.0)
  - shared_preferences_ios (0.0.1):
    - Flutter
  - Toast (4.1.1)
  - webview_flutter_wkwebview (0.0.1):
    - Flutter

DEPENDENCIES:
  - buzz_booster (from `.symlinks/plugins/buzz_booster/ios`)
  - firebase_core (from `.symlinks/plugins/firebase_core/ios`)
  - firebase_messaging (from `.symlinks/plugins/firebase_messaging/ios`)
  - FLEX
  - Flutter (from `Flutter`)
  - fluttertoast (from `.symlinks/plugins/fluttertoast/ios`)
  - package_info_plus (from `.symlinks/plugins/package_info_plus/ios`)
  - permission_handler_apple (from `.symlinks/plugins/permission_handler_apple/ios`)
  - sentry_flutter (from `.symlinks/plugins/sentry_flutter/ios`)
  - shared_preferences_ios (from `.symlinks/plugins/shared_preferences_ios/ios`)
  - webview_flutter_wkwebview (from `.symlinks/plugins/webview_flutter_wkwebview/ios`)

SPEC REPOS:
  https://github.com/Buzzvil/Specs:
    - BuzzBoosterSDK
  trunk:
    - BuzzRxSwift
    - Firebase
    - FirebaseCore
    - FirebaseCoreDiagnostics
    - FirebaseCoreInternal
    - FirebaseInstallations
    - FirebaseMessaging
    - FLEX
    - GoogleDataTransport
    - GoogleUtilities
    - nanopb
    - PromisesObjC
    - Sentry
    - Toast

EXTERNAL SOURCES:
  buzz_booster:
    :path: ".symlinks/plugins/buzz_booster/ios"
  firebase_core:
    :path: ".symlinks/plugins/firebase_core/ios"
  firebase_messaging:
    :path: ".symlinks/plugins/firebase_messaging/ios"
  Flutter:
    :path: Flutter
  fluttertoast:
    :path: ".symlinks/plugins/fluttertoast/ios"
  package_info_plus:
    :path: ".symlinks/plugins/package_info_plus/ios"
  permission_handler_apple:
    :path: ".symlinks/plugins/permission_handler_apple/ios"
  sentry_flutter:
    :path: ".symlinks/plugins/sentry_flutter/ios"
  shared_preferences_ios:
    :path: ".symlinks/plugins/shared_preferences_ios/ios"
  webview_flutter_wkwebview:
    :path: ".symlinks/plugins/webview_flutter_wkwebview/ios"

SPEC CHECKSUMS:
  buzz_booster: 2ce74248437d792d8c135b5b04f117765702b4a5
  BuzzBoosterSDK: ba8a8c6ccd27393eaea56a19174fdc716cb27f23
  BuzzRxSwift: 8d04c2083985af36f1e28a9a4db45675c6816c34
  Firebase: 4ba896cb8e5105d4b9e247e1c1b6222b548df55a
  firebase_core: 9e09bbfbf5467e459822850732f5fb648f5b1927
  firebase_messaging: 405f36f22122866761e7ba7aa1dcecbae09ef836
  FirebaseCore: 0e27f2a15d8f7b7ef11e7d93e23b1cbab55d748c
  FirebaseCoreDiagnostics: 99a495094b10a57eeb3ae8efa1665700ad0bdaa6
  FirebaseCoreInternal: bca76517fe1ed381e989f5e7d8abb0da8d85bed3
  FirebaseInstallations: 0a115432c4e223c5ab20b0dbbe4cbefa793a0e8e
  FirebaseMessaging: 4eaf1b8a7464b2c5e619ad66e9b20ee3e3206b24
  FLEX: f21ee4f498eed3f8a1eded66b21939fd3b7a22ce
  Flutter: 50d75fe2f02b26cc09d224853bb45737f8b3214a
  fluttertoast: 16fbe6039d06a763f3533670197d01fc73459037
  GoogleDataTransport: 6c09b596d841063d76d4288cc2d2f42cc36e1e2a
  GoogleUtilities: ea963c370a38a8069cc5f7ba4ca849a60b6d7d15
  nanopb: d4d75c12cd1316f4a64e3c6963f879ecd4b5e0d5
  package_info_plus: 6c92f08e1f853dc01228d6f553146438dafcd14e
  permission_handler_apple: e76247795d700c14ea09e3a2d8855d41ee80a2e6
  PromisesObjC: f5707f49cb48b9636751c5b2e7d227e43fba9f47
  Sentry: 30b51086ca9aac23337880152e95538f7e177f7f
  sentry_flutter: eaca55af5c951f4be6c4b1daddce1744c37d8476
  shared_preferences_ios: 548a61f8053b9b8a49ac19c1ffbc8b92c50d68ad
  Toast: 1f5ea13423a1e6674c4abdac5be53587ae481c4e
  webview_flutter_wkwebview: b7e70ef1ddded7e69c796c7390ee74180182971f

PODFILE CHECKSUM: b3a94d7f833007b132366a8d8035881673d8fcbf

COCOAPODS: 1.15.2
